// !$*UTF8*$!
{
	archiveVersion = 1;
	classes = {
	};
	objectVersion = 46;
	objects = {

/* Begin PBXBuildFile section */
		A10C6D541ECC29A00080D4A7 /* Assets.xcassets in Resources */ = {isa = PBXBuildFile; fileRef = A10C6D531ECC29A00080D4A7 /* Assets.xcassets */; };
		A10C6D5B1ECC29A00080D4A7 /* MessagesExtension.appex in Embed App Extensions */ = {isa = PBXBuildFile; fileRef = A10C6D5A1ECC29A00080D4A7 /* MessagesExtension.appex */; settings = {ATTRIBUTES = (RemoveHeadersOnCopy, ); }; };
		A10C6D601ECC29A00080D4A7 /* Messages.framework in Frameworks */ = {isa = PBXBuildFile; fileRef = A10C6D5F1ECC29A00080D4A7 /* Messages.framework */; };
		A10C6D631ECC29A00080D4A7 /* MessagesViewController.swift in Sources */ = {isa = PBXBuildFile; fileRef = A10C6D621ECC29A00080D4A7 /* MessagesViewController.swift */; };
		A10C6D661ECC29A00080D4A7 /* MainInterface.storyboard in Resources */ = {isa = PBXBuildFile; fileRef = A10C6D641ECC29A00080D4A7 /* MainInterface.storyboard */; };
		A10C6D681ECC29A00080D4A7 /* Assets.xcassets in Resources */ = {isa = PBXBuildFile; fileRef = A10C6D671ECC29A00080D4A7 /* Assets.xcassets */; };
/* End PBXBuildFile section */

/* Begin PBXContainerItemProxy section */
		A10C6D5C1ECC29A00080D4A7 /* PBXContainerItemProxy */ = {
			isa = PBXContainerItemProxy;
			containerPortal = A10C6D4A1ECC29A00080D4A7 /* Project object */;
			proxyType = 1;
			remoteGlobalIDString = A10C6D591ECC29A00080D4A7;
			remoteInfo = MessagesExtension;
		};
/* End PBXContainerItemProxy section */

/* Begin PBXCopyFilesBuildPhase section */
		A10C6D6F1ECC29A00080D4A7 /* Embed App Extensions */ = {
			isa = PBXCopyFilesBuildPhase;
			buildActionMask = 2147483647;
			dstPath = "";
			dstSubfolderSpec = 13;
			files = (
				A10C6D5B1ECC29A00080D4A7 /* MessagesExtension.appex in Embed App Extensions */,
			);
			name = "Embed App Extensions";
			runOnlyForDeploymentPostprocessing = 0;
		};
/* End PBXCopyFilesBuildPhase section */

/* Begin PBXFileReference section */
		A10C6D501ECC29A00080D4A7 /* kpu.app */ = {isa = PBXFileReference; explicitFileType = wrapper.application; includeInIndex = 0; path = kpu.app; sourceTree = BUILT_PRODUCTS_DIR; };
		A10C6D531ECC29A00080D4A7 /* Assets.xcassets */ = {isa = PBXFileReference; lastKnownFileType = folder.assetcatalog; path = Assets.xcassets; sourceTree = "<group>"; };
		A10C6D551ECC29A00080D4A7 /* Info.plist */ = {isa = PBXFileReference; lastKnownFileType = text.plist.xml; path = Info.plist; sourceTree = "<group>"; };
		A10C6D5A1ECC29A00080D4A7 /* MessagesExtension.appex */ = {isa = PBXFileReference; explicitFileType = "wrapper.app-extension"; includeInIndex = 0; path = MessagesExtension.appex; sourceTree = BUILT_PRODUCTS_DIR; };
		A10C6D5F1ECC29A00080D4A7 /* Messages.framework */ = {isa = PBXFileReference; lastKnownFileType = wrapper.framework; name = Messages.framework; path = System/Library/Frameworks/Messages.framework; sourceTree = SDKROOT; };
		A10C6D621ECC29A00080D4A7 /* MessagesViewController.swift */ = {isa = PBXFileReference; lastKnownFileType = sourcecode.swift; path = MessagesViewController.swift; sourceTree = "<group>"; };
		A10C6D651ECC29A00080D4A7 /* Base */ = {isa = PBXFileReference; lastKnownFileType = file.storyboard; name = Base; path = Base.lproj/MainInterface.storyboard; sourceTree = "<group>"; };
		A10C6D671ECC29A00080D4A7 /* Assets.xcassets */ = {isa = PBXFileReference; lastKnownFileType = folder.assetcatalog; path = Assets.xcassets; sourceTree = "<group>"; };
		A10C6D691ECC29A00080D4A7 /* Info.plist */ = {isa = PBXFileReference; lastKnownFileType = text.plist.xml; path = Info.plist; sourceTree = "<group>"; };
/* End PBXFileReference section */

/* Begin PBXFrameworksBuildPhase section */
		A10C6D571ECC29A00080D4A7 /* Frameworks */ = {
			isa = PBXFrameworksBuildPhase;
			buildActionMask = 2147483647;
			files = (
				A10C6D601ECC29A00080D4A7 /* Messages.framework in Frameworks */,
			);
			runOnlyForDeploymentPostprocessing = 0;
		};
/* End PBXFrameworksBuildPhase section */

/* Begin PBXGroup section */
		A10C6D491ECC29A00080D4A7 = {
			isa = PBXGroup;
			children = (
				A10C6D521ECC29A00080D4A7 /* kpu */,
				A10C6D611ECC29A00080D4A7 /* MessagesExtension */,
				A10C6D5E1ECC29A00080D4A7 /* Frameworks */,
				A10C6D511ECC29A00080D4A7 /* Products */,
			);
			sourceTree = "<group>";
		};
		A10C6D511ECC29A00080D4A7 /* Products */ = {
			isa = PBXGroup;
			children = (
				A10C6D501ECC29A00080D4A7 /* kpu.app */,
				A10C6D5A1ECC29A00080D4A7 /* MessagesExtension.appex */,
			);
			name = Products;
			sourceTree = "<group>";
		};
		A10C6D521ECC29A00080D4A7 /* kpu */ = {
			isa = PBXGroup;
			children = (
				A10C6D531ECC29A00080D4A7 /* Assets.xcassets */,
				A10C6D551ECC29A00080D4A7 /* Info.plist */,
			);
			path = kpu;
			sourceTree = "<group>";
		};
		A10C6D5E1ECC29A00080D4A7 /* Frameworks */ = {
			isa = PBXGroup;
			children = (
				A10C6D5F1ECC29A00080D4A7 /* Messages.framework */,
			);
			name = Frameworks;
			sourceTree = "<group>";
		};
		A10C6D611ECC29A00080D4A7 /* MessagesExtension */ = {
			isa = PBXGroup;
			children = (
				A10C6D621ECC29A00080D4A7 /* MessagesViewController.swift */,
				A10C6D641ECC29A00080D4A7 /* MainInterface.storyboard */,
				A10C6D671ECC29A00080D4A7 /* Assets.xcassets */,
				A10C6D691ECC29A00080D4A7 /* Info.plist */,
			);
			path = MessagesExtension;
			sourceTree = "<group>";
		};
/* End PBXGroup section */

/* Begin PBXNativeTarget section */
		A10C6D4F1ECC29A00080D4A7 /* kpu */ = {
			isa = PBXNativeTarget;
			buildConfigurationList = A10C6D701ECC29A00080D4A7 /* Build configuration list for PBXNativeTarget "kpu" */;
			buildPhases = (
				A10C6D4E1ECC29A00080D4A7 /* Resources */,
				A10C6D6F1ECC29A00080D4A7 /* Embed App Extensions */,
			);
			buildRules = (
			);
			dependencies = (
				A10C6D5D1ECC29A00080D4A7 /* PBXTargetDependency */,
			);
			name = kpu;
			productName = kpu;
			productReference = A10C6D501ECC29A00080D4A7 /* kpu.app */;
			productType = "com.apple.product-type.application.messages";
		};
		A10C6D591ECC29A00080D4A7 /* MessagesExtension */ = {
			isa = PBXNativeTarget;
			buildConfigurationList = A10C6D6C1ECC29A00080D4A7 /* Build configuration list for PBXNativeTarget "MessagesExtension" */;
			buildPhases = (
				A10C6D561ECC29A00080D4A7 /* Sources */,
				A10C6D571ECC29A00080D4A7 /* Frameworks */,
				A10C6D581ECC29A00080D4A7 /* Resources */,
			);
			buildRules = (
			);
			dependencies = (
			);
			name = MessagesExtension;
			productName = MessagesExtension;
			productReference = A10C6D5A1ECC29A00080D4A7 /* MessagesExtension.appex */;
			productType = "com.apple.product-type.app-extension.messages";
		};
/* End PBXNativeTarget section */

/* Begin PBXProject section */
		A10C6D4A1ECC29A00080D4A7 /* Project object */ = {
			isa = PBXProject;
			attributes = {
				LastSwiftUpdateCheck = 0830;
				LastUpgradeCheck = 0830;
				ORGANIZATIONNAME = "Choi JungWook";
				TargetAttributes = {
					A10C6D4F1ECC29A00080D4A7 = {
						CreatedOnToolsVersion = 8.3.2;
						DevelopmentTeam = 5K89RS36D9;
						ProvisioningStyle = Automatic;
					};
					A10C6D591ECC29A00080D4A7 = {
						CreatedOnToolsVersion = 8.3.2;
						DevelopmentTeam = 5K89RS36D9;
						ProvisioningStyle = Automatic;
					};
				};
			};
			buildConfigurationList = A10C6D4D1ECC29A00080D4A7 /* Build configuration list for PBXProject "kpu" */;
			compatibilityVersion = "Xcode 3.2";
			developmentRegion = English;
			hasScannedForEncodings = 0;
			knownRegions = (
				en,
				Base,
			);
			mainGroup = A10C6D491ECC29A00080D4A7;
			productRefGroup = A10C6D511ECC29A00080D4A7 /* Products */;
			projectDirPath = "";
			projectRoot = "";
			targets = (
				A10C6D4F1ECC29A00080D4A7 /* kpu */,
				A10C6D591ECC29A00080D4A7 /* MessagesExtension */,
			);
		};
/* End PBXProject section */

/* Begin PBXResourcesBuildPhase section */
		A10C6D4E1ECC29A00080D4A7 /* Resources */ = {
			isa = PBXResourcesBuildPhase;
			buildActionMask = 2147483647;
			files = (
				A10C6D541ECC29A00080D4A7 /* Assets.xcassets in Resources */,
			);
			runOnlyForDeploymentPostprocessing = 0;
		};
		A10C6D581ECC29A00080D4A7 /* Resources */ = {
			isa = PBXResourcesBuildPhase;
			buildActionMask = 2147483647;
			files = (
				A10C6D681ECC29A00080D4A7 /* Assets.xcassets in Resources */,
				A10C6D661ECC29A00080D4A7 /* MainInterface.storyboard in Resources */,
			);
			runOnlyForDeploymentPostprocessing = 0;
		};
/* End PBXResourcesBuildPhase section */

/* Begin PBXSourcesBuildPhase section */
		A10C6D561ECC29A00080D4A7 /* Sources */ = {
			isa = PBXSourcesBuildPhase;
			buildActionMask = 2147483647;
			files = (
				A10C6D631ECC29A00080D4A7 /* MessagesViewController.swift in Sources */,
			);
			runOnlyForDeploymentPostprocessing = 0;
		};
/* End PBXSourcesBuildPhase section */

/* Begin PBXTargetDependency section */
		A10C6D5D1ECC29A00080D4A7 /* PBXTargetDependency */ = {
			isa = PBXTargetDependency;
			target = A10C6D591ECC29A00080D4A7 /* MessagesExtension */;
			targetProxy = A10C6D5C1ECC29A00080D4A7 /* PBXContainerItemProxy */;
		};
/* End PBXTargetDependency section */

/* Begin PBXVariantGroup section */
		A10C6D641ECC29A00080D4A7 /* MainInterface.storyboard */ = {
			isa = PBXVariantGroup;
			children = (
				A10C6D651ECC29A00080D4A7 /* Base */,
			);
			name = MainInterface.storyboard;
			sourceTree = "<group>";
		};
/* End PBXVariantGroup section */

/* Begin XCBuildConfiguration section */
		A10C6D6A1ECC29A00080D4A7 /* Debug */ = {
			isa = XCBuildConfiguration;
			buildSettings = {
				ALWAYS_SEARCH_USER_PATHS = NO;
				CLANG_ANALYZER_NONNULL = YES;
				CLANG_ANALYZER_NUMBER_OBJECT_CONVERSION = YES_AGGRESSIVE;
				CLANG_CXX_LANGUAGE_STANDARD = "gnu++0x";
				CLANG_CXX_LIBRARY = "libc++";
				CLANG_ENABLE_MODULES = YES;
				CLANG_ENABLE_OBJC_ARC = YES;
				CLANG_WARN_BOOL_CONVERSION = YES;
				CLANG_WARN_CONSTANT_CONVERSION = YES;
				CLANG_WARN_DIRECT_OBJC_ISA_USAGE = YES_ERROR;
				CLANG_WARN_DOCUMENTATION_COMMENTS = YES;
				CLANG_WARN_EMPTY_BODY = YES;
				CLANG_WARN_ENUM_CONVERSION = YES;
				CLANG_WARN_INFINITE_RECURSION = YES;
				CLANG_WARN_INT_CONVERSION = YES;
				CLANG_WARN_OBJC_ROOT_CLASS = YES_ERROR;
				CLANG_WARN_SUSPICIOUS_MOVE = YES;
				CLANG_WARN_UNREACHABLE_CODE = YES;
				CLANG_WARN__DUPLICATE_METHOD_MATCH = YES;
				"CODE_SIGN_IDENTITY[sdk=iphoneos*]" = "iPhone Developer";
				COPY_PHASE_STRIP = NO;
				DEBUG_INFORMATION_FORMAT = dwarf;
				ENABLE_STRICT_OBJC_MSGSEND = YES;
				ENABLE_TESTABILITY = YES;
				GCC_C_LANGUAGE_STANDARD = gnu99;
				GCC_DYNAMIC_NO_PIC = NO;
				GCC_NO_COMMON_BLOCKS = YES;
				GCC_OPTIMIZATION_LEVEL = 0;
				GCC_PREPROCESSOR_DEFINITIONS = (
					"DEBUG=1",
					"$(inherited)",
				);
				GCC_WARN_64_TO_32_BIT_CONVERSION = YES;
				GCC_WARN_ABOUT_RETURN_TYPE = YES_ERROR;
				GCC_WARN_UNDECLARED_SELECTOR = YES;
				GCC_WARN_UNINITIALIZED_AUTOS = YES_AGGRESSIVE;
				GCC_WARN_UNUSED_FUNCTION = YES;
				GCC_WARN_UNUSED_VARIABLE = YES;
				IPHONEOS_DEPLOYMENT_TARGET = 10.3;
				MTL_ENABLE_DEBUG_INFO = YES;
				ONLY_ACTIVE_ARCH = YES;
				SDKROOT = iphoneos;
				SWIFT_ACTIVE_COMPILATION_CONDITIONS = DEBUG;
				SWIFT_OPTIMIZATION_LEVEL = "-Onone";
				TARGETED_DEVICE_FAMILY = "1,2";
			};
			name = Debug;
		};
		A10C6D6B1ECC29A00080D4A7 /* Release */ = {
			isa = XCBuildConfiguration;
			buildSettings = {
				ALWAYS_SEARCH_USER_PATHS = NO;
				CLANG_ANALYZER_NONNULL = YES;
				CLANG_ANALYZER_NUMBER_OBJECT_CONVERSION = YES_AGGRESSIVE;
				CLANG_CXX_LANGUAGE_STANDARD = "gnu++0x";
				CLANG_CXX_LIBRARY = "libc++";
				CLANG_ENABLE_MODULES = YES;
				CLANG_ENABLE_OBJC_ARC = YES;
				CLANG_WARN_BOOL_CONVERSION = YES;
				CLANG_WARN_CONSTANT_CONVERSION = YES;
				CLANG_WARN_DIRECT_OBJC_ISA_USAGE = YES_ERROR;
				CLANG_WARN_DOCUMENTATION_COMMENTS = YES;
				CLANG_WARN_EMPTY_BODY = YES;
				CLANG_WARN_ENUM_CONVERSION = YES;
				CLANG_WARN_INFINITE_RECURSION = YES;
				CLANG_WARN_INT_CONVERSION = YES;
				CLANG_WARN_OBJC_ROOT_CLASS = YES_ERROR;
				CLANG_WARN_SUSPICIOUS_MOVE = YES;
				CLANG_WARN_UNREACHABLE_CODE = YES;
				CLANG_WARN__DUPLICATE_METHOD_MATCH = YES;
				"CODE_SIGN_IDENTITY[sdk=iphoneos*]" = "iPhone Developer";
				COPY_PHASE_STRIP = NO;
				DEBUG_INFORMATION_FORMAT = "dwarf-with-dsym";
				ENABLE_NS_ASSERTIONS = NO;
				ENABLE_STRICT_OBJC_MSGSEND = YES;
				GCC_C_LANGUAGE_STANDARD = gnu99;
				GCC_NO_COMMON_BLOCKS = YES;
				GCC_WARN_64_TO_32_BIT_CONVERSION = YES;
				GCC_WARN_ABOUT_RETURN_TYPE = YES_ERROR;
				GCC_WARN_UNDECLARED_SELECTOR = YES;
				GCC_WARN_UNINITIALIZED_AUTOS = YES_AGGRESSIVE;
				GCC_WARN_UNUSED_FUNCTION = YES;
				GCC_WARN_UNUSED_VARIABLE = YES;
				IPHONEOS_DEPLOYMENT_TARGET = 10.3;
				MTL_ENABLE_DEBUG_INFO = NO;
				SDKROOT = iphoneos;
				SWIFT_OPTIMIZATION_LEVEL = "-Owholemodule";
				TARGETED_DEVICE_FAMILY = "1,2";
				VALIDATE_PRODUCT = YES;
			};
			name = Release;
		};
		A10C6D6D1ECC29A00080D4A7 /* Debug */ = {
			isa = XCBuildConfiguration;
			buildSettings = {
				ASSETCATALOG_COMPILER_APPICON_NAME = "iMessage App Icon";
				DEVELOPMENT_TEAM = 5K89RS36D9;
				INFOPLIST_FILE = MessagesExtension/Info.plist;
				LD_RUNPATH_SEARCH_PATHS = "$(inherited) @executable_path/Frameworks @executable_path/../../Frameworks";
				PRODUCT_BUNDLE_IDENTIFIER = kpu.2017class.kpu.MessagesExtension;
				PRODUCT_NAME = "$(TARGET_NAME)";
				SKIP_INSTALL = YES;
				SWIFT_VERSION = 3.0;
			};
			name = Debug;
		};
		A10C6D6E1ECC29A00080D4A7 /* Release */ = {
			isa = XCBuildConfiguration;
			buildSettings = {
				ASSETCATALOG_COMPILER_APPICON_NAME = "iMessage App Icon";
				DEVELOPMENT_TEAM = 5K89RS36D9;
				INFOPLIST_FILE = MessagesExtension/Info.plist;
				LD_RUNPATH_SEARCH_PATHS = "$(inherited) @executable_path/Frameworks @executable_path/../../Frameworks";
				PRODUCT_BUNDLE_IDENTIFIER = kpu.2017class.kpu.MessagesExtension;
				PRODUCT_NAME = "$(TARGET_NAME)";
				SKIP_INSTALL = YES;
				SWIFT_VERSION = 3.0;
			};
			name = Release;
		};
		A10C6D711ECC29A00080D4A7 /* Debug */ = {
			isa = XCBuildConfiguration;
			buildSettings = {
				ALWAYS_EMBED_SWIFT_STANDARD_LIBRARIES = YES;
				ASSETCATALOG_COMPILER_APPICON_NAME = AppIcon;
				DEVELOPMENT_TEAM = 5K89RS36D9;
				INFOPLIST_FILE = kpu/Info.plist;
				PRODUCT_BUNDLE_IDENTIFIER = kpu.2017class.kpu;
				PRODUCT_NAME = "$(TARGET_NAME)";
				SWIFT_VERSION = 3.0;
			};
			name = Debug;
		};
		A10C6D721ECC29A00080D4A7 /* Release */ = {
			isa = XCBuildConfiguration;
			buildSettings = {
				ALWAYS_EMBED_SWIFT_STANDARD_LIBRARIES = YES;
				ASSETCATALOG_COMPILER_APPICON_NAME = AppIcon;
				DEVELOPMENT_TEAM = 5K89RS36D9;
				INFOPLIST_FILE = kpu/Info.plist;
				PRODUCT_BUNDLE_IDENTIFIER = kpu.2017class.kpu;
				PRODUCT_NAME = "$(TARGET_NAME)";
				SWIFT_VERSION = 3.0;
			};
			name = Release;
		};
/* End XCBuildConfiguration section */

/* Begin XCConfigurationList section */
		A10C6D4D1ECC29A00080D4A7 /* Build configuration list for PBXProject "kpu" */ = {
			isa = XCConfigurationList;
			buildConfigurations = (
				A10C6D6A1ECC29A00080D4A7 /* Debug */,
				A10C6D6B1ECC29A00080D4A7 /* Release */,
			);
			defaultConfigurationIsVisible = 0;
			defaultConfigurationName = Release;
		};
		A10C6D6C1ECC29A00080D4A7 /* Build configuration list for PBXNativeTarget "MessagesExtension" */ = {
			isa = XCConfigurationList;
			buildConfigurations = (
				A10C6D6D1ECC29A00080D4A7 /* Debug */,
				A10C6D6E1ECC29A00080D4A7 /* Release */,
			);
			defaultConfigurationIsVisible = 0;
		};
		A10C6D701ECC29A00080D4A7 /* Build configuration list for PBXNativeTarget "kpu" */ = {
			isa = XCConfigurationList;
			buildConfigurations = (
				A10C6D711ECC29A00080D4A7 /* Debug */,
				A10C6D721ECC29A00080D4A7 /* Release */,
			);
			defaultConfigurationIsVisible = 0;
		};
/* End XCConfigurationList section */
	};
	rootObject = A10C6D4A1ECC29A00080D4A7 /* Project object */;
}
