// !$*UTF8*$!
{
	archiveVersion = 1;
	classes = {
	};
	objectVersion = 46;
	objects = {

/* Begin PBXBuildFile section */
		A14797D61EC93FB600935475 /* Assets.xcassets in Resources */ = {isa = PBXBuildFile; fileRef = A14797D51EC93FB600935475 /* Assets.xcassets */; };
		A14797DD1EC93FB600935475 /* MessagesExtension.appex in Embed App Extensions */ = {isa = PBXBuildFile; fileRef = A14797DC1EC93FB600935475 /* MessagesExtension.appex */; settings = {ATTRIBUTES = (RemoveHeadersOnCopy, ); }; };
		A14797E21EC93FB600935475 /* Messages.framework in Frameworks */ = {isa = PBXBuildFile; fileRef = A14797E11EC93FB600935475 /* Messages.framework */; };
		A14797E51EC93FB600935475 /* MessagesViewController.swift in Sources */ = {isa = PBXBuildFile; fileRef = A14797E41EC93FB600935475 /* MessagesViewController.swift */; };
		A14797E81EC93FB600935475 /* MainInterface.storyboard in Resources */ = {isa = PBXBuildFile; fileRef = A14797E61EC93FB600935475 /* MainInterface.storyboard */; };
		A14797EA1EC93FB600935475 /* Assets.xcassets in Resources */ = {isa = PBXBuildFile; fileRef = A14797E91EC93FB600935475 /* Assets.xcassets */; };
/* End PBXBuildFile section */

/* Begin PBXContainerItemProxy section */
		A14797DE1EC93FB600935475 /* PBXContainerItemProxy */ = {
			isa = PBXContainerItemProxy;
			containerPortal = A14797CC1EC93FB600935475 /* Project object */;
			proxyType = 1;
			remoteGlobalIDString = A14797DB1EC93FB600935475;
			remoteInfo = MessagesExtension;
		};
/* End PBXContainerItemProxy section */

/* Begin PBXCopyFilesBuildPhase section */
		A14797F11EC93FB600935475 /* Embed App Extensions */ = {
			isa = PBXCopyFilesBuildPhase;
			buildActionMask = 2147483647;
			dstPath = "";
			dstSubfolderSpec = 13;
			files = (
				A14797DD1EC93FB600935475 /* MessagesExtension.appex in Embed App Extensions */,
			);
			name = "Embed App Extensions";
			runOnlyForDeploymentPostprocessing = 0;
		};
/* End PBXCopyFilesBuildPhase section */

/* Begin PBXFileReference section */
		A14797D21EC93FB600935475 /* MessageApp.app */ = {isa = PBXFileReference; explicitFileType = wrapper.application; includeInIndex = 0; path = MessageApp.app; sourceTree = BUILT_PRODUCTS_DIR; };
		A14797D51EC93FB600935475 /* Assets.xcassets */ = {isa = PBXFileReference; lastKnownFileType = folder.assetcatalog; path = Assets.xcassets; sourceTree = "<group>"; };
		A14797D71EC93FB600935475 /* Info.plist */ = {isa = PBXFileReference; lastKnownFileType = text.plist.xml; path = Info.plist; sourceTree = "<group>"; };
		A14797DC1EC93FB600935475 /* MessagesExtension.appex */ = {isa = PBXFileReference; explicitFileType = "wrapper.app-extension"; includeInIndex = 0; path = MessagesExtension.appex; sourceTree = BUILT_PRODUCTS_DIR; };
		A14797E11EC93FB600935475 /* Messages.framework */ = {isa = PBXFileReference; lastKnownFileType = wrapper.framework; name = Messages.framework; path = System/Library/Frameworks/Messages.framework; sourceTree = SDKROOT; };
		A14797E41EC93FB600935475 /* MessagesViewController.swift */ = {isa = PBXFileReference; lastKnownFileType = sourcecode.swift; path = MessagesViewController.swift; sourceTree = "<group>"; };
		A14797E71EC93FB600935475 /* Base */ = {isa = PBXFileReference; lastKnownFileType = file.storyboard; name = Base; path = Base.lproj/MainInterface.storyboard; sourceTree = "<group>"; };
		A14797E91EC93FB600935475 /* Assets.xcassets */ = {isa = PBXFileReference; lastKnownFileType = folder.assetcatalog; path = Assets.xcassets; sourceTree = "<group>"; };
		A14797EB1EC93FB600935475 /* Info.plist */ = {isa = PBXFileReference; lastKnownFileType = text.plist.xml; path = Info.plist; sourceTree = "<group>"; };
/* End PBXFileReference section */

/* Begin PBXFrameworksBuildPhase section */
		A14797D91EC93FB600935475 /* Frameworks */ = {
			isa = PBXFrameworksBuildPhase;
			buildActionMask = 2147483647;
			files = (
				A14797E21EC93FB600935475 /* Messages.framework in Frameworks */,
			);
			runOnlyForDeploymentPostprocessing = 0;
		};
/* End PBXFrameworksBuildPhase section */

/* Begin PBXGroup section */
		A14797CB1EC93FB600935475 = {
			isa = PBXGroup;
			children = (
				A14797D41EC93FB600935475 /* MessageApp */,
				A14797E31EC93FB600935475 /* MessagesExtension */,
				A14797E01EC93FB600935475 /* Frameworks */,
				A14797D31EC93FB600935475 /* Products */,
			);
			sourceTree = "<group>";
		};
		A14797D31EC93FB600935475 /* Products */ = {
			isa = PBXGroup;
			children = (
				A14797D21EC93FB600935475 /* MessageApp.app */,
				A14797DC1EC93FB600935475 /* MessagesExtension.appex */,
			);
			name = Products;
			sourceTree = "<group>";
		};
		A14797D41EC93FB600935475 /* MessageApp */ = {
			isa = PBXGroup;
			children = (
				A14797D51EC93FB600935475 /* Assets.xcassets */,
				A14797D71EC93FB600935475 /* Info.plist */,
			);
			path = MessageApp;
			sourceTree = "<group>";
		};
		A14797E01EC93FB600935475 /* Frameworks */ = {
			isa = PBXGroup;
			children = (
				A14797E11EC93FB600935475 /* Messages.framework */,
			);
			name = Frameworks;
			sourceTree = "<group>";
		};
		A14797E31EC93FB600935475 /* MessagesExtension */ = {
			isa = PBXGroup;
			children = (
				A14797E41EC93FB600935475 /* MessagesViewController.swift */,
				A14797E61EC93FB600935475 /* MainInterface.storyboard */,
				A14797E91EC93FB600935475 /* Assets.xcassets */,
				A14797EB1EC93FB600935475 /* Info.plist */,
			);
			path = MessagesExtension;
			sourceTree = "<group>";
		};
/* End PBXGroup section */

/* Begin PBXNativeTarget section */
		A14797D11EC93FB600935475 /* MessageApp */ = {
			isa = PBXNativeTarget;
			buildConfigurationList = A14797F21EC93FB600935475 /* Build configuration list for PBXNativeTarget "MessageApp" */;
			buildPhases = (
				A14797D01EC93FB600935475 /* Resources */,
				A14797F11EC93FB600935475 /* Embed App Extensions */,
			);
			buildRules = (
			);
			dependencies = (
				A14797DF1EC93FB600935475 /* PBXTargetDependency */,
			);
			name = MessageApp;
			productName = MessageApp;
			productReference = A14797D21EC93FB600935475 /* MessageApp.app */;
			productType = "com.apple.product-type.application.messages";
		};
		A14797DB1EC93FB600935475 /* MessagesExtension */ = {
			isa = PBXNativeTarget;
			buildConfigurationList = A14797EE1EC93FB600935475 /* Build configuration list for PBXNativeTarget "MessagesExtension" */;
			buildPhases = (
				A14797D81EC93FB600935475 /* Sources */,
				A14797D91EC93FB600935475 /* Frameworks */,
				A14797DA1EC93FB600935475 /* Resources */,
			);
			buildRules = (
			);
			dependencies = (
			);
			name = MessagesExtension;
			productName = MessagesExtension;
			productReference = A14797DC1EC93FB600935475 /* MessagesExtension.appex */;
			productType = "com.apple.product-type.app-extension.messages";
		};
/* End PBXNativeTarget section */

/* Begin PBXProject section */
		A14797CC1EC93FB600935475 /* Project object */ = {
			isa = PBXProject;
			attributes = {
				LastSwiftUpdateCheck = 0830;
				LastUpgradeCheck = 0830;
				ORGANIZATIONNAME = "Choi JungWook";
				TargetAttributes = {
					A14797D11EC93FB600935475 = {
						CreatedOnToolsVersion = 8.3.2;
						DevelopmentTeam = 5K89RS36D9;
						ProvisioningStyle = Automatic;
					};
					A14797DB1EC93FB600935475 = {
						CreatedOnToolsVersion = 8.3.2;
						DevelopmentTeam = 5K89RS36D9;
						ProvisioningStyle = Automatic;
					};
				};
			};
			buildConfigurationList = A14797CF1EC93FB600935475 /* Build configuration list for PBXProject "MessageApp" */;
			compatibilityVersion = "Xcode 3.2";
			developmentRegion = English;
			hasScannedForEncodings = 0;
			knownRegions = (
				en,
				Base,
			);
			mainGroup = A14797CB1EC93FB600935475;
			productRefGroup = A14797D31EC93FB600935475 /* Products */;
			projectDirPath = "";
			projectRoot = "";
			targets = (
				A14797D11EC93FB600935475 /* MessageApp */,
				A14797DB1EC93FB600935475 /* MessagesExtension */,
			);
		};
/* End PBXProject section */

/* Begin PBXResourcesBuildPhase section */
		A14797D01EC93FB600935475 /* Resources */ = {
			isa = PBXResourcesBuildPhase;
			buildActionMask = 2147483647;
			files = (
				A14797D61EC93FB600935475 /* Assets.xcassets in Resources */,
			);
			runOnlyForDeploymentPostprocessing = 0;
		};
		A14797DA1EC93FB600935475 /* Resources */ = {
			isa = PBXResourcesBuildPhase;
			buildActionMask = 2147483647;
			files = (
				A14797EA1EC93FB600935475 /* Assets.xcassets in Resources */,
				A14797E81EC93FB600935475 /* MainInterface.storyboard in Resources */,
			);
			runOnlyForDeploymentPostprocessing = 0;
		};
/* End PBXResourcesBuildPhase section */

/* Begin PBXSourcesBuildPhase section */
		A14797D81EC93FB600935475 /* Sources */ = {
			isa = PBXSourcesBuildPhase;
			buildActionMask = 2147483647;
			files = (
				A14797E51EC93FB600935475 /* MessagesViewController.swift in Sources */,
			);
			runOnlyForDeploymentPostprocessing = 0;
		};
/* End PBXSourcesBuildPhase section */

/* Begin PBXTargetDependency section */
		A14797DF1EC93FB600935475 /* PBXTargetDependency */ = {
			isa = PBXTargetDependency;
			target = A14797DB1EC93FB600935475 /* MessagesExtension */;
			targetProxy = A14797DE1EC93FB600935475 /* PBXContainerItemProxy */;
		};
/* End PBXTargetDependency section */

/* Begin PBXVariantGroup section */
		A14797E61EC93FB600935475 /* MainInterface.storyboard */ = {
			isa = PBXVariantGroup;
			children = (
				A14797E71EC93FB600935475 /* Base */,
			);
			name = MainInterface.storyboard;
			sourceTree = "<group>";
		};
/* End PBXVariantGroup section */

/* Begin XCBuildConfiguration section */
		A14797EC1EC93FB600935475 /* Debug */ = {
			isa = XCBuildConfiguration;
			buildSettings = {
				ALWAYS_SEARCH_USER_PATHS = NO;
				CLANG_ANALYZER_NONNULL = YES;
				CLANG_ANALYZER_NUMBER_OBJECT_CONVERSION = YES_AGGRESSIVE;
				CLANG_CXX_LANGUAGE_STANDARD = "gnu++0x";
				CLANG_CXX_LIBRARY = "libc++";
				CLANG_ENABLE_MODULES = YES;
				CLANG_ENABLE_OBJC_ARC = YES;
				CLANG_WARN_BOOL_CONVERSION = YES;
				CLANG_WARN_CONSTANT_CONVERSION = YES;
				CLANG_WARN_DIRECT_OBJC_ISA_USAGE = YES_ERROR;
				CLANG_WARN_DOCUMENTATION_COMMENTS = YES;
				CLANG_WARN_EMPTY_BODY = YES;
				CLANG_WARN_ENUM_CONVERSION = YES;
				CLANG_WARN_INFINITE_RECURSION = YES;
				CLANG_WARN_INT_CONVERSION = YES;
				CLANG_WARN_OBJC_ROOT_CLASS = YES_ERROR;
				CLANG_WARN_SUSPICIOUS_MOVE = YES;
				CLANG_WARN_UNREACHABLE_CODE = YES;
				CLANG_WARN__DUPLICATE_METHOD_MATCH = YES;
				"CODE_SIGN_IDENTITY[sdk=iphoneos*]" = "iPhone Developer";
				COPY_PHASE_STRIP = NO;
				DEBUG_INFORMATION_FORMAT = dwarf;
				ENABLE_STRICT_OBJC_MSGSEND = YES;
				ENABLE_TESTABILITY = YES;
				GCC_C_LANGUAGE_STANDARD = gnu99;
				GCC_DYNAMIC_NO_PIC = NO;
				GCC_NO_COMMON_BLOCKS = YES;
				GCC_OPTIMIZATION_LEVEL = 0;
				GCC_PREPROCESSOR_DEFINITIONS = (
					"DEBUG=1",
					"$(inherited)",
				);
				GCC_WARN_64_TO_32_BIT_CONVERSION = YES;
				GCC_WARN_ABOUT_RETURN_TYPE = YES_ERROR;
				GCC_WARN_UNDECLARED_SELECTOR = YES;
				GCC_WARN_UNINITIALIZED_AUTOS = YES_AGGRESSIVE;
				GCC_WARN_UNUSED_FUNCTION = YES;
				GCC_WARN_UNUSED_VARIABLE = YES;
				IPHONEOS_DEPLOYMENT_TARGET = 10.3;
				MTL_ENABLE_DEBUG_INFO = YES;
				ONLY_ACTIVE_ARCH = YES;
				SDKROOT = iphoneos;
				SWIFT_ACTIVE_COMPILATION_CONDITIONS = DEBUG;
				SWIFT_OPTIMIZATION_LEVEL = "-Onone";
				TARGETED_DEVICE_FAMILY = "1,2";
			};
			name = Debug;
		};
		A14797ED1EC93FB600935475 /* Release */ = {
			isa = XCBuildConfiguration;
			buildSettings = {
				ALWAYS_SEARCH_USER_PATHS = NO;
				CLANG_ANALYZER_NONNULL = YES;
				CLANG_ANALYZER_NUMBER_OBJECT_CONVERSION = YES_AGGRESSIVE;
				CLANG_CXX_LANGUAGE_STANDARD = "gnu++0x";
				CLANG_CXX_LIBRARY = "libc++";
				CLANG_ENABLE_MODULES = YES;
				CLANG_ENABLE_OBJC_ARC = YES;
				CLANG_WARN_BOOL_CONVERSION = YES;
				CLANG_WARN_CONSTANT_CONVERSION = YES;
				CLANG_WARN_DIRECT_OBJC_ISA_USAGE = YES_ERROR;
				CLANG_WARN_DOCUMENTATION_COMMENTS = YES;
				CLANG_WARN_EMPTY_BODY = YES;
				CLANG_WARN_ENUM_CONVERSION = YES;
				CLANG_WARN_INFINITE_RECURSION = YES;
				CLANG_WARN_INT_CONVERSION = YES;
				CLANG_WARN_OBJC_ROOT_CLASS = YES_ERROR;
				CLANG_WARN_SUSPICIOUS_MOVE = YES;
				CLANG_WARN_UNREACHABLE_CODE = YES;
				CLANG_WARN__DUPLICATE_METHOD_MATCH = YES;
				"CODE_SIGN_IDENTITY[sdk=iphoneos*]" = "iPhone Developer";
				COPY_PHASE_STRIP = NO;
				DEBUG_INFORMATION_FORMAT = "dwarf-with-dsym";
				ENABLE_NS_ASSERTIONS = NO;
				ENABLE_STRICT_OBJC_MSGSEND = YES;
				GCC_C_LANGUAGE_STANDARD = gnu99;
				GCC_NO_COMMON_BLOCKS = YES;
				GCC_WARN_64_TO_32_BIT_CONVERSION = YES;
				GCC_WARN_ABOUT_RETURN_TYPE = YES_ERROR;
				GCC_WARN_UNDECLARED_SELECTOR = YES;
				GCC_WARN_UNINITIALIZED_AUTOS = YES_AGGRESSIVE;
				GCC_WARN_UNUSED_FUNCTION = YES;
				GCC_WARN_UNUSED_VARIABLE = YES;
				IPHONEOS_DEPLOYMENT_TARGET = 10.3;
				MTL_ENABLE_DEBUG_INFO = NO;
				SDKROOT = iphoneos;
				SWIFT_OPTIMIZATION_LEVEL = "-Owholemodule";
				TARGETED_DEVICE_FAMILY = "1,2";
				VALIDATE_PRODUCT = YES;
			};
			name = Release;
		};
		A14797EF1EC93FB600935475 /* Debug */ = {
			isa = XCBuildConfiguration;
			buildSettings = {
				ASSETCATALOG_COMPILER_APPICON_NAME = "iMessage App Icon";
				DEVELOPMENT_TEAM = 5K89RS36D9;
				INFOPLIST_FILE = MessagesExtension/Info.plist;
				LD_RUNPATH_SEARCH_PATHS = "$(inherited) @executable_path/Frameworks @executable_path/../../Frameworks";
				PRODUCT_BUNDLE_IDENTIFIER = kpu.2017class.MessageApp.MessagesExtension;
				PRODUCT_NAME = "$(TARGET_NAME)";
				SKIP_INSTALL = YES;
				SWIFT_VERSION = 3.0;
			};
			name = Debug;
		};
		A14797F01EC93FB600935475 /* Release */ = {
			isa = XCBuildConfiguration;
			buildSettings = {
				ASSETCATALOG_COMPILER_APPICON_NAME = "iMessage App Icon";
				DEVELOPMENT_TEAM = 5K89RS36D9;
				INFOPLIST_FILE = MessagesExtension/Info.plist;
				LD_RUNPATH_SEARCH_PATHS = "$(inherited) @executable_path/Frameworks @executable_path/../../Frameworks";
				PRODUCT_BUNDLE_IDENTIFIER = kpu.2017class.MessageApp.MessagesExtension;
				PRODUCT_NAME = "$(TARGET_NAME)";
				SKIP_INSTALL = YES;
				SWIFT_VERSION = 3.0;
			};
			name = Release;
		};
		A14797F31EC93FB600935475 /* Debug */ = {
			isa = XCBuildConfiguration;
			buildSettings = {
				ALWAYS_EMBED_SWIFT_STANDARD_LIBRARIES = YES;
				ASSETCATALOG_COMPILER_APPICON_NAME = AppIcon;
				DEVELOPMENT_TEAM = 5K89RS36D9;
				INFOPLIST_FILE = MessageApp/Info.plist;
				PRODUCT_BUNDLE_IDENTIFIER = kpu.2017class.MessageApp;
				PRODUCT_NAME = "$(TARGET_NAME)";
				SWIFT_VERSION = 3.0;
			};
			name = Debug;
		};
		A14797F41EC93FB600935475 /* Release */ = {
			isa = XCBuildConfiguration;
			buildSettings = {
				ALWAYS_EMBED_SWIFT_STANDARD_LIBRARIES = YES;
				ASSETCATALOG_COMPILER_APPICON_NAME = AppIcon;
				DEVELOPMENT_TEAM = 5K89RS36D9;
				INFOPLIST_FILE = MessageApp/Info.plist;
				PRODUCT_BUNDLE_IDENTIFIER = kpu.2017class.MessageApp;
				PRODUCT_NAME = "$(TARGET_NAME)";
				SWIFT_VERSION = 3.0;
			};
			name = Release;
		};
/* End XCBuildConfiguration section */

/* Begin XCConfigurationList section */
		A14797CF1EC93FB600935475 /* Build configuration list for PBXProject "MessageApp" */ = {
			isa = XCConfigurationList;
			buildConfigurations = (
				A14797EC1EC93FB600935475 /* Debug */,
				A14797ED1EC93FB600935475 /* Release */,
			);
			defaultConfigurationIsVisible = 0;
			defaultConfigurationName = Release;
		};
		A14797EE1EC93FB600935475 /* Build configuration list for PBXNativeTarget "MessagesExtension" */ = {
			isa = XCConfigurationList;
			buildConfigurations = (
				A14797EF1EC93FB600935475 /* Debug */,
				A14797F01EC93FB600935475 /* Release */,
			);
			defaultConfigurationIsVisible = 0;
		};
		A14797F21EC93FB600935475 /* Build configuration list for PBXNativeTarget "MessageApp" */ = {
			isa = XCConfigurationList;
			buildConfigurations = (
				A14797F31EC93FB600935475 /* Debug */,
				A14797F41EC93FB600935475 /* Release */,
			);
			defaultConfigurationIsVisible = 0;
		};
/* End XCConfigurationList section */
	};
	rootObject = A14797CC1EC93FB600935475 /* Project object */;
}
